
Microsoft Visual Studio Solution File, Format Version 12.00
# Visual Studio 15
VisualStudioVersion = 15.0.26403.7
MinimumVisualStudioVersion = 10.0.40219.1
Project("{FAE04EC0-301F-11D3-BF4B-00C04F79EFBC}") = "DomainLayer", "Workshop192\DomainLayer.csproj", "{0DB1192A-15DD-405E-8F42-FE910F491968}"
EndProject
Project("{FAE04EC0-301F-11D3-BF4B-00C04F79EFBC}") = "ServiceLayer", "ServiceLayer\ServiceLayer.csproj", "{3460562A-E8D6-4335-B018-4875640959BF}"
EndProject
Project("{FAE04EC0-301F-11D3-BF4B-00C04F79EFBC}") = "AccaptanceTests", "AccaptanceTests\AccaptanceTests.csproj", "{B0079E11-95E9-48A1-A4B6-6E286A04C653}"
EndProject
Project("{FAE04EC0-301F-11D3-BF4B-00C04F79EFBC}") = "DomainLayerUnitTests", "DomainLayerUnitTests\DomainLayerUnitTests.csproj", "{087C512C-609B-47BD-A061-910344A8F12A}"
EndProject
Project("{FAE04EC0-301F-11D3-BF4B-00C04F79EFBC}") = "GUI", "GUI\GUI.csproj", "{25F2A1E3-1695-4EF2-9D45-A58FD10105D4}"
EndProject
Project("{FAE04EC0-301F-11D3-BF4B-00C04F79EFBC}") = "CommunicationLayer", "CommunicationLayer\CommunicationLayer.csproj", "{40AF445F-D014-40A0-8CFB-EFF006FAB8A9}"
EndProject
Project("{FAE04EC0-301F-11D3-BF4B-00C04F79EFBC}") = "NewGUI", "NewGUI\NewGUI.csproj", "{3EF180EB-59EA-4AF1-A729-A6B32C03C5C2}"
EndProject
Global
	GlobalSection(SolutionConfigurationPlatforms) = preSolution
		Debug|Any CPU = Debug|Any CPU
		Release|Any CPU = Release|Any CPU
	EndGlobalSection
	GlobalSection(ProjectConfigurationPlatforms) = postSolution
		{0DB1192A-15DD-405E-8F42-FE910F491968}.Debug|Any CPU.ActiveCfg = Debug|Any CPU
		{0DB1192A-15DD-405E-8F42-FE910F491968}.Debug|Any CPU.Build.0 = Debug|Any CPU
		{0DB1192A-15DD-405E-8F42-FE910F491968}.Release|Any CPU.ActiveCfg = Release|Any CPU
		{0DB1192A-15DD-405E-8F42-FE910F491968}.Release|Any CPU.Build.0 = Release|Any CPU
		{3460562A-E8D6-4335-B018-4875640959BF}.Debug|Any CPU.ActiveCfg = Debug|Any CPU
		{3460562A-E8D6-4335-B018-4875640959BF}.Debug|Any CPU.Build.0 = Debug|Any CPU
		{3460562A-E8D6-4335-B018-4875640959BF}.Release|Any CPU.ActiveCfg = Release|Any CPU
		{3460562A-E8D6-4335-B018-4875640959BF}.Release|Any CPU.Build.0 = Release|Any CPU
		{B0079E11-95E9-48A1-A4B6-6E286A04C653}.Debug|Any CPU.ActiveCfg = Debug|Any CPU
		{B0079E11-95E9-48A1-A4B6-6E286A04C653}.Debug|Any CPU.Build.0 = Debug|Any CPU
		{B0079E11-95E9-48A1-A4B6-6E286A04C653}.Release|Any CPU.ActiveCfg = Release|Any CPU
		{B0079E11-95E9-48A1-A4B6-6E286A04C653}.Release|Any CPU.Build.0 = Release|Any CPU
		{087C512C-609B-47BD-A061-910344A8F12A}.Debug|Any CPU.ActiveCfg = Debug|Any CPU
		{087C512C-609B-47BD-A061-910344A8F12A}.Debug|Any CPU.Build.0 = Debug|Any CPU
		{087C512C-609B-47BD-A061-910344A8F12A}.Release|Any CPU.ActiveCfg = Release|Any CPU
		{087C512C-609B-47BD-A061-910344A8F12A}.Release|Any CPU.Build.0 = Release|Any CPU
		{25F2A1E3-1695-4EF2-9D45-A58FD10105D4}.Debug|Any CPU.ActiveCfg = Debug|Any CPU
		{25F2A1E3-1695-4EF2-9D45-A58FD10105D4}.Debug|Any CPU.Build.0 = Debug|Any CPU
		{25F2A1E3-1695-4EF2-9D45-A58FD10105D4}.Release|Any CPU.ActiveCfg = Release|Any CPU
		{25F2A1E3-1695-4EF2-9D45-A58FD10105D4}.Release|Any CPU.Build.0 = Release|Any CPU
		{40AF445F-D014-40A0-8CFB-EFF006FAB8A9}.Debug|Any CPU.ActiveCfg = Debug|Any CPU
		{40AF445F-D014-40A0-8CFB-EFF006FAB8A9}.Debug|Any CPU.Build.0 = Debug|Any CPU
		{40AF445F-D014-40A0-8CFB-EFF006FAB8A9}.Release|Any CPU.ActiveCfg = Release|Any CPU
		{40AF445F-D014-40A0-8CFB-EFF006FAB8A9}.Release|Any CPU.Build.0 = Release|Any CPU
		{3EF180EB-59EA-4AF1-A729-A6B32C03C5C2}.Debug|Any CPU.ActiveCfg = Debug|Any CPU
		{3EF180EB-59EA-4AF1-A729-A6B32C03C5C2}.Debug|Any CPU.Build.0 = Debug|Any CPU
		{3EF180EB-59EA-4AF1-A729-A6B32C03C5C2}.Release|Any CPU.ActiveCfg = Release|Any CPU
		{3EF180EB-59EA-4AF1-A729-A6B32C03C5C2}.Release|Any CPU.Build.0 = Release|Any CPU
	EndGlobalSection
	GlobalSection(SolutionProperties) = preSolution
		HideSolutionNode = FALSE
	EndGlobalSection
	GlobalSection(ExtensibilityGlobals) = postSolution
		SolutionGuid = {A137EAED-C101-4BD8-B4E1-679A26719449}
	EndGlobalSection
EndGlobal
