
Microsoft Visual Studio Solution File, Format Version 12.00
# Visual Studio 15
VisualStudioVersion = 15.0.28307.168
MinimumVisualStudioVersion = 10.0.40219.1
Project("{FAE04EC0-301F-11D3-BF4B-00C04F79EFBC}") = "DomainLayer", "Workshop192\DomainLayer.csproj", "{0DB1192A-15DD-405E-8F42-FE910F491968}"
EndProject
Project("{FAE04EC0-301F-11D3-BF4B-00C04F79EFBC}") = "ServiceLayer", "ServiceLayer\ServiceLayer.csproj", "{3460562A-E8D6-4335-B018-4875640959BF}"
EndProject
Project("{FAE04EC0-301F-11D3-BF4B-00C04F79EFBC}") = "DomainLayerTests", "UnitTestProject1\DomainLayerTests.csproj", "{CFA7DA86-3C6E-4347-A9B0-605541A0178D}"
EndProject
Global
	GlobalSection(SolutionConfigurationPlatforms) = preSolution
		Debug|Any CPU = Debug|Any CPU
		Release|Any CPU = Release|Any CPU
	EndGlobalSection
	GlobalSection(ProjectConfigurationPlatforms) = postSolution
		{0DB1192A-15DD-405E-8F42-FE910F491968}.Debug|Any CPU.ActiveCfg = Debug|Any CPU
		{0DB1192A-15DD-405E-8F42-FE910F491968}.Debug|Any CPU.Build.0 = Debug|Any CPU
		{0DB1192A-15DD-405E-8F42-FE910F491968}.Release|Any CPU.ActiveCfg = Release|Any CPU
		{0DB1192A-15DD-405E-8F42-FE910F491968}.Release|Any CPU.Build.0 = Release|Any CPU
		{3460562A-E8D6-4335-B018-4875640959BF}.Debug|Any CPU.ActiveCfg = Debug|Any CPU
		{3460562A-E8D6-4335-B018-4875640959BF}.Debug|Any CPU.Build.0 = Debug|Any CPU
		{3460562A-E8D6-4335-B018-4875640959BF}.Release|Any CPU.ActiveCfg = Release|Any CPU
		{3460562A-E8D6-4335-B018-4875640959BF}.Release|Any CPU.Build.0 = Release|Any CPU
		{CFA7DA86-3C6E-4347-A9B0-605541A0178D}.Debug|Any CPU.ActiveCfg = Debug|Any CPU
		{CFA7DA86-3C6E-4347-A9B0-605541A0178D}.Debug|Any CPU.Build.0 = Debug|Any CPU
		{CFA7DA86-3C6E-4347-A9B0-605541A0178D}.Release|Any CPU.ActiveCfg = Release|Any CPU
		{CFA7DA86-3C6E-4347-A9B0-605541A0178D}.Release|Any CPU.Build.0 = Release|Any CPU
	EndGlobalSection
	GlobalSection(SolutionProperties) = preSolution
		HideSolutionNode = FALSE
	EndGlobalSection
	GlobalSection(ExtensibilityGlobals) = postSolution
		SolutionGuid = {A137EAED-C101-4BD8-B4E1-679A26719449}
	EndGlobalSection
EndGlobal
